// !$*UTF8*$!
{
	archiveVersion = 1;
	classes = {
	};
	objectVersion = 46;
	objects = {

/* Begin PBXBuildFile section */
		CA5A75001DC3CE7400B98C82 /* main.m in Sources */ = {isa = PBXBuildFile; fileRef = CA5A74FF1DC3CE7400B98C82 /* main.m */; };
		CA5A75031DC3CE7400B98C82 /* AppDelegate.m in Sources */ = {isa = PBXBuildFile; fileRef = CA5A75021DC3CE7400B98C82 /* AppDelegate.m */; };
		CA5A75061DC3CE7400B98C82 /* ViewController.m in Sources */ = {isa = PBXBuildFile; fileRef = CA5A75051DC3CE7400B98C82 /* ViewController.m */; };
		CA5A75091DC3CE7400B98C82 /* Main.storyboard in Resources */ = {isa = PBXBuildFile; fileRef = CA5A75071DC3CE7400B98C82 /* Main.storyboard */; };
		CA5A750B1DC3CE7400B98C82 /* Assets.xcassets in Resources */ = {isa = PBXBuildFile; fileRef = CA5A750A1DC3CE7400B98C82 /* Assets.xcassets */; };
		CA5A750E1DC3CE7400B98C82 /* LaunchScreen.storyboard in Resources */ = {isa = PBXBuildFile; fileRef = CA5A750C1DC3CE7400B98C82 /* LaunchScreen.storyboard */; };
		CA5A75161DC3CF5800B98C82 /* .gitignore in Resources */ = {isa = PBXBuildFile; fileRef = CA5A75151DC3CF5800B98C82 /* .gitignore */; };
		CA5A75191DC3D11100B98C82 /* Line.m in Sources */ = {isa = PBXBuildFile; fileRef = CA5A75181DC3D11100B98C82 /* Line.m */; };
		CA5A751C1DC3D1C100B98C82 /* DrawView.m in Sources */ = {isa = PBXBuildFile; fileRef = CA5A751B1DC3D1C100B98C82 /* DrawView.m */; };
/* End PBXBuildFile section */

/* Begin PBXFileReference section */
		CA5A74FB1DC3CE7400B98C82 /* TouchTracker.app */ = {isa = PBXFileReference; explicitFileType = wrapper.application; includeInIndex = 0; path = TouchTracker.app; sourceTree = BUILT_PRODUCTS_DIR; };
		CA5A74FF1DC3CE7400B98C82 /* main.m */ = {isa = PBXFileReference; lastKnownFileType = sourcecode.c.objc; path = main.m; sourceTree = "<group>"; };
		CA5A75011DC3CE7400B98C82 /* AppDelegate.h */ = {isa = PBXFileReference; lastKnownFileType = sourcecode.c.h; path = AppDelegate.h; sourceTree = "<group>"; };
		CA5A75021DC3CE7400B98C82 /* AppDelegate.m */ = {isa = PBXFileReference; lastKnownFileType = sourcecode.c.objc; path = AppDelegate.m; sourceTree = "<group>"; };
		CA5A75041DC3CE7400B98C82 /* ViewController.h */ = {isa = PBXFileReference; lastKnownFileType = sourcecode.c.h; path = ViewController.h; sourceTree = "<group>"; };
		CA5A75051DC3CE7400B98C82 /* ViewController.m */ = {isa = PBXFileReference; lastKnownFileType = sourcecode.c.objc; path = ViewController.m; sourceTree = "<group>"; };
		CA5A75081DC3CE7400B98C82 /* Base */ = {isa = PBXFileReference; lastKnownFileType = file.storyboard; name = Base; path = Base.lproj/Main.storyboard; sourceTree = "<group>"; };
		CA5A750A1DC3CE7400B98C82 /* Assets.xcassets */ = {isa = PBXFileReference; lastKnownFileType = folder.assetcatalog; path = Assets.xcassets; sourceTree = "<group>"; };
		CA5A750D1DC3CE7400B98C82 /* Base */ = {isa = PBXFileReference; lastKnownFileType = file.storyboard; name = Base; path = Base.lproj/LaunchScreen.storyboard; sourceTree = "<group>"; };
		CA5A750F1DC3CE7400B98C82 /* Info.plist */ = {isa = PBXFileReference; lastKnownFileType = text.plist.xml; path = Info.plist; sourceTree = "<group>"; };
		CA5A75151DC3CF5800B98C82 /* .gitignore */ = {isa = PBXFileReference; fileEncoding = 4; lastKnownFileType = text; path = .gitignore; sourceTree = "<group>"; };
		CA5A75171DC3D11100B98C82 /* Line.h */ = {isa = PBXFileReference; fileEncoding = 4; lastKnownFileType = sourcecode.c.h; path = Line.h; sourceTree = "<group>"; };
		CA5A75181DC3D11100B98C82 /* Line.m */ = {isa = PBXFileReference; fileEncoding = 4; lastKnownFileType = sourcecode.c.objc; path = Line.m; sourceTree = "<group>"; };
		CA5A751A1DC3D1C100B98C82 /* DrawView.h */ = {isa = PBXFileReference; fileEncoding = 4; lastKnownFileType = sourcecode.c.h; path = DrawView.h; sourceTree = "<group>"; };
		CA5A751B1DC3D1C100B98C82 /* DrawView.m */ = {isa = PBXFileReference; fileEncoding = 4; lastKnownFileType = sourcecode.c.objc; path = DrawView.m; sourceTree = "<group>"; };
/* End PBXFileReference section */

/* Begin PBXFrameworksBuildPhase section */
		CA5A74F81DC3CE7300B98C82 /* Frameworks */ = {
			isa = PBXFrameworksBuildPhase;
			buildActionMask = 2147483647;
			files = (
			);
			runOnlyForDeploymentPostprocessing = 0;
		};
/* End PBXFrameworksBuildPhase section */

/* Begin PBXGroup section */
		CA5A74F21DC3CE7300B98C82 = {
			isa = PBXGroup;
			children = (
				CA5A75151DC3CF5800B98C82 /* .gitignore */,
				CA5A74FD1DC3CE7400B98C82 /* TouchTracker */,
				CA5A74FC1DC3CE7400B98C82 /* Products */,
			);
			sourceTree = "<group>";
		};
		CA5A74FC1DC3CE7400B98C82 /* Products */ = {
			isa = PBXGroup;
			children = (
				CA5A74FB1DC3CE7400B98C82 /* TouchTracker.app */,
			);
			name = Products;
			sourceTree = "<group>";
		};
		CA5A74FD1DC3CE7400B98C82 /* TouchTracker */ = {
			isa = PBXGroup;
			children = (
				CA5A75011DC3CE7400B98C82 /* AppDelegate.h */,
				CA5A75021DC3CE7400B98C82 /* AppDelegate.m */,
				CA5A75041DC3CE7400B98C82 /* ViewController.h */,
				CA5A75051DC3CE7400B98C82 /* ViewController.m */,
				CA5A75071DC3CE7400B98C82 /* Main.storyboard */,
				CA5A750A1DC3CE7400B98C82 /* Assets.xcassets */,
				CA5A750C1DC3CE7400B98C82 /* LaunchScreen.storyboard */,
				CA5A750F1DC3CE7400B98C82 /* Info.plist */,
				CA5A74FE1DC3CE7400B98C82 /* Supporting Files */,
				CA5A75171DC3D11100B98C82 /* Line.h */,
				CA5A751A1DC3D1C100B98C82 /* DrawView.h */,
				CA5A751B1DC3D1C100B98C82 /* DrawView.m */,
				CA5A75181DC3D11100B98C82 /* Line.m */,
			);
			path = TouchTracker;
			sourceTree = "<group>";
		};
		CA5A74FE1DC3CE7400B98C82 /* Supporting Files */ = {
			isa = PBXGroup;
			children = (
				CA5A74FF1DC3CE7400B98C82 /* main.m */,
			);
			name = "Supporting Files";
			sourceTree = "<group>";
		};
/* End PBXGroup section */

/* Begin PBXNativeTarget section */
		CA5A74FA1DC3CE7300B98C82 /* TouchTracker */ = {
			isa = PBXNativeTarget;
			buildConfigurationList = CA5A75121DC3CE7400B98C82 /* Build configuration list for PBXNativeTarget "TouchTracker" */;
			buildPhases = (
				CA5A74F71DC3CE7300B98C82 /* Sources */,
				CA5A74F81DC3CE7300B98C82 /* Frameworks */,
				CA5A74F91DC3CE7300B98C82 /* Resources */,
			);
			buildRules = (
			);
			dependencies = (
			);
			name = TouchTracker;
			productName = TouchTracker;
			productReference = CA5A74FB1DC3CE7400B98C82 /* TouchTracker.app */;
			productType = "com.apple.product-type.application";
		};
/* End PBXNativeTarget section */

/* Begin PBXProject section */
		CA5A74F31DC3CE7300B98C82 /* Project object */ = {
			isa = PBXProject;
			attributes = {
				LastUpgradeCheck = 0800;
				ORGANIZATIONNAME = "Ye Tian";
				TargetAttributes = {
					CA5A74FA1DC3CE7300B98C82 = {
						CreatedOnToolsVersion = 8.0;
						ProvisioningStyle = Automatic;
					};
				};
			};
			buildConfigurationList = CA5A74F61DC3CE7300B98C82 /* Build configuration list for PBXProject "TouchTracker" */;
			compatibilityVersion = "Xcode 3.2";
			developmentRegion = English;
			hasScannedForEncodings = 0;
			knownRegions = (
				en,
				Base,
			);
			mainGroup = CA5A74F21DC3CE7300B98C82;
			productRefGroup = CA5A74FC1DC3CE7400B98C82 /* Products */;
			projectDirPath = "";
			projectRoot = "";
			targets = (
				CA5A74FA1DC3CE7300B98C82 /* TouchTracker */,
			);
		};
/* End PBXProject section */

/* Begin PBXResourcesBuildPhase section */
		CA5A74F91DC3CE7300B98C82 /* Resources */ = {
			isa = PBXResourcesBuildPhase;
			buildActionMask = 2147483647;
			files = (
				CA5A75161DC3CF5800B98C82 /* .gitignore in Resources */,
				CA5A750E1DC3CE7400B98C82 /* LaunchScreen.storyboard in Resources */,
				CA5A750B1DC3CE7400B98C82 /* Assets.xcassets in Resources */,
				CA5A75091DC3CE7400B98C82 /* Main.storyboard in Resources */,
			);
			runOnlyForDeploymentPostprocessing = 0;
		};
/* End PBXResourcesBuildPhase section */

/* Begin PBXSourcesBuildPhase section */
		CA5A74F71DC3CE7300B98C82 /* Sources */ = {
			isa = PBXSourcesBuildPhase;
			buildActionMask = 2147483647;
			files = (
				CA5A75061DC3CE7400B98C82 /* ViewController.m in Sources */,
				CA5A75191DC3D11100B98C82 /* Line.m in Sources */,
				CA5A75031DC3CE7400B98C82 /* AppDelegate.m in Sources */,
				CA5A75001DC3CE7400B98C82 /* main.m in Sources */,
				CA5A751C1DC3D1C100B98C82 /* DrawView.m in Sources */,
			);
			runOnlyForDeploymentPostprocessing = 0;
		};
/* End PBXSourcesBuildPhase section */

/* Begin PBXVariantGroup section */
		CA5A75071DC3CE7400B98C82 /* Main.storyboard */ = {
			isa = PBXVariantGroup;
			children = (
				CA5A75081DC3CE7400B98C82 /* Base */,
			);
			name = Main.storyboard;
			sourceTree = "<group>";
		};
		CA5A750C1DC3CE7400B98C82 /* LaunchScreen.storyboard */ = {
			isa = PBXVariantGroup;
			children = (
				CA5A750D1DC3CE7400B98C82 /* Base */,
			);
			name = LaunchScreen.storyboard;
			sourceTree = "<group>";
		};
/* End PBXVariantGroup section */

/* Begin XCBuildConfiguration section */
		CA5A75101DC3CE7400B98C82 /* Debug */ = {
			isa = XCBuildConfiguration;
			buildSettings = {
				ALWAYS_SEARCH_USER_PATHS = NO;
				CLANG_ANALYZER_NONNULL = YES;
				CLANG_CXX_LANGUAGE_STANDARD = "gnu++0x";
				CLANG_CXX_LIBRARY = "libc++";
				CLANG_ENABLE_MODULES = YES;
				CLANG_ENABLE_OBJC_ARC = YES;
				CLANG_WARN_BOOL_CONVERSION = YES;
				CLANG_WARN_CONSTANT_CONVERSION = YES;
				CLANG_WARN_DIRECT_OBJC_ISA_USAGE = YES_ERROR;
				CLANG_WARN_DOCUMENTATION_COMMENTS = YES;
				CLANG_WARN_EMPTY_BODY = YES;
				CLANG_WARN_ENUM_CONVERSION = YES;
				CLANG_WARN_INFINITE_RECURSION = YES;
				CLANG_WARN_INT_CONVERSION = YES;
				CLANG_WARN_OBJC_ROOT_CLASS = YES_ERROR;
				CLANG_WARN_SUSPICIOUS_MOVES = YES;
				CLANG_WARN_UNREACHABLE_CODE = YES;
				CLANG_WARN__DUPLICATE_METHOD_MATCH = YES;
				"CODE_SIGN_IDENTITY[sdk=iphoneos*]" = "iPhone Developer";
				COPY_PHASE_STRIP = NO;
				DEBUG_INFORMATION_FORMAT = dwarf;
				ENABLE_STRICT_OBJC_MSGSEND = YES;
				ENABLE_TESTABILITY = YES;
				GCC_C_LANGUAGE_STANDARD = gnu99;
				GCC_DYNAMIC_NO_PIC = NO;
				GCC_NO_COMMON_BLOCKS = YES;
				GCC_OPTIMIZATION_LEVEL = 0;
				GCC_PREPROCESSOR_DEFINITIONS = (
					"DEBUG=1",
					"$(inherited)",
				);
				GCC_WARN_64_TO_32_BIT_CONVERSION = YES;
				GCC_WARN_ABOUT_RETURN_TYPE = YES_ERROR;
				GCC_WARN_UNDECLARED_SELECTOR = YES;
				GCC_WARN_UNINITIALIZED_AUTOS = YES_AGGRESSIVE;
				GCC_WARN_UNUSED_FUNCTION = YES;
				GCC_WARN_UNUSED_VARIABLE = YES;
				IPHONEOS_DEPLOYMENT_TARGET = 10.0;
				MTL_ENABLE_DEBUG_INFO = YES;
				ONLY_ACTIVE_ARCH = YES;
				SDKROOT = iphoneos;
				TARGETED_DEVICE_FAMILY = "1,2";
			};
			name = Debug;
		};
		CA5A75111DC3CE7400B98C82 /* Release */ = {
			isa = XCBuildConfiguration;
			buildSettings = {
				ALWAYS_SEARCH_USER_PATHS = NO;
				CLANG_ANALYZER_NONNULL = YES;
				CLANG_CXX_LANGUAGE_STANDARD = "gnu++0x";
				CLANG_CXX_LIBRARY = "libc++";
				CLANG_ENABLE_MODULES = YES;
				CLANG_ENABLE_OBJC_ARC = YES;
				CLANG_WARN_BOOL_CONVERSION = YES;
				CLANG_WARN_CONSTANT_CONVERSION = YES;
				CLANG_WARN_DIRECT_OBJC_ISA_USAGE = YES_ERROR;
				CLANG_WARN_DOCUMENTATION_COMMENTS = YES;
				CLANG_WARN_EMPTY_BODY = YES;
				CLANG_WARN_ENUM_CONVERSION = YES;
				CLANG_WARN_INFINITE_RECURSION = YES;
				CLANG_WARN_INT_CONVERSION = YES;
				CLANG_WARN_OBJC_ROOT_CLASS = YES_ERROR;
				CLANG_WARN_SUSPICIOUS_MOVES = YES;
				CLANG_WARN_UNREACHABLE_CODE = YES;
				CLANG_WARN__DUPLICATE_METHOD_MATCH = YES;
				"CODE_SIGN_IDENTITY[sdk=iphoneos*]" = "iPhone Developer";
				COPY_PHASE_STRIP = NO;
				DEBUG_INFORMATION_FORMAT = "dwarf-with-dsym";
				ENABLE_NS_ASSERTIONS = NO;
				ENABLE_STRICT_OBJC_MSGSEND = YES;
				GCC_C_LANGUAGE_STANDARD = gnu99;
				GCC_NO_COMMON_BLOCKS = YES;
				GCC_WARN_64_TO_32_BIT_CONVERSION = YES;
				GCC_WARN_ABOUT_RETURN_TYPE = YES_ERROR;
				GCC_WARN_UNDECLARED_SELECTOR = YES;
				GCC_WARN_UNINITIALIZED_AUTOS = YES_AGGRESSIVE;
				GCC_WARN_UNUSED_FUNCTION = YES;
				GCC_WARN_UNUSED_VARIABLE = YES;
				IPHONEOS_DEPLOYMENT_TARGET = 10.0;
				MTL_ENABLE_DEBUG_INFO = NO;
				SDKROOT = iphoneos;
				TARGETED_DEVICE_FAMILY = "1,2";
				VALIDATE_PRODUCT = YES;
			};
			name = Release;
		};
		CA5A75131DC3CE7400B98C82 /* Debug */ = {
			isa = XCBuildConfiguration;
			buildSettings = {
				ASSETCATALOG_COMPILER_APPICON_NAME = AppIcon;
				INFOPLIST_FILE = TouchTracker/Info.plist;
				LD_RUNPATH_SEARCH_PATHS = "$(inherited) @executable_path/Frameworks";
				PRODUCT_BUNDLE_IDENTIFIER = io.github.tianyeblck.TouchTracker;
				PRODUCT_NAME = "$(TARGET_NAME)";
			};
			name = Debug;
		};
		CA5A75141DC3CE7400B98C82 /* Release */ = {
			isa = XCBuildConfiguration;
			buildSettings = {
				ASSETCATALOG_COMPILER_APPICON_NAME = AppIcon;
				INFOPLIST_FILE = TouchTracker/Info.plist;
				LD_RUNPATH_SEARCH_PATHS = "$(inherited) @executable_path/Frameworks";
				PRODUCT_BUNDLE_IDENTIFIER = io.github.tianyeblck.TouchTracker;
				PRODUCT_NAME = "$(TARGET_NAME)";
			};
			name = Release;
		};
/* End XCBuildConfiguration section */

/* Begin XCConfigurationList section */
		CA5A74F61DC3CE7300B98C82 /* Build configuration list for PBXProject "TouchTracker" */ = {
			isa = XCConfigurationList;
			buildConfigurations = (
				CA5A75101DC3CE7400B98C82 /* Debug */,
				CA5A75111DC3CE7400B98C82 /* Release */,
			);
			defaultConfigurationIsVisible = 0;
			defaultConfigurationName = Release;
		};
		CA5A75121DC3CE7400B98C82 /* Build configuration list for PBXNativeTarget "TouchTracker" */ = {
			isa = XCConfigurationList;
			buildConfigurations = (
				CA5A75131DC3CE7400B98C82 /* Debug */,
				CA5A75141DC3CE7400B98C82 /* Release */,
			);
			defaultConfigurationIsVisible = 0;
		};
/* End XCConfigurationList section */
	};
	rootObject = CA5A74F31DC3CE7300B98C82 /* Project object */;
}
